schema: '2.0'
stages:
  data_collection:
    cmd: python src/data/data_collection.py
    deps:
    - path: src/data/data_collection.py
      hash: md5
      md5: d184d5dac973157b7512b21a7dfcf7d0
      size: 2345
    params:
      params.yaml:
        data_collection.test_size: 0.2
    outs:
    - path: data/raw
      hash: md5
      md5: 6d5c0c7da993f782971f411a6d1df99b.dir
      size: 343095
      nfiles: 2
  pre_processing:
    cmd: python src/data/data_prep.py
    deps:
    - path: data/raw
      hash: md5
      md5: 6d5c0c7da993f782971f411a6d1df99b.dir
      size: 343095
      nfiles: 2
    - path: src/data/data_prep.py
      hash: md5
      md5: aa3533d4621ae942b4f6581d663a8170
      size: 2047
    outs:
    - path: data/processed
      hash: md5
      md5: 89641c2a70a3e8740fc316ab7ca8a0be.dir
      size: 368256
      nfiles: 2
  model_building:
    cmd: python src/model/model_building.py
    deps:
    - path: data/processed
      hash: md5
      md5: 89641c2a70a3e8740fc316ab7ca8a0be.dir
      size: 368256
      nfiles: 2
    - path: src/model/model_building.py
      hash: md5
      md5: 15132e9ea34d063b92ab2bfb0018ef92
      size: 2334
    params:
      params.yaml:
        model_building.n_estimators: 1000
    outs:
    - path: models/model.pkl
      hash: md5
      md5: 931781ddd9a167f874029913a0b783b1
      size: 47469469
  model_eval:
    cmd: python src/model/model_eval.py
    deps:
    - path: models/model.pkl
      hash: md5
      md5: 931781ddd9a167f874029913a0b783b1
      size: 47469469
    - path: src/model/model_eval.py
      hash: md5
      md5: 6f74cf33e2c097217a99a6dea423084d
      size: 2821
    outs:
    - path: reports/metrics.json
      hash: md5
      md5: 9acb0d017fa39a2eb9c88ee28ca25d01
      size: 144
